<?xml version="1.0" encoding="utf-8"?>
<Project ToolsVersion="4.0" xmlns="http://schemas.microsoft.com/developer/msbuild/2003">
  <ItemGroup>
    <Filter Include="Source Files">
      <UniqueIdentifier>{4FC737F1-C7A5-4376-A066-2A32D752A2FF}</UniqueIdentifier>
      <Extensions>cpp;c;cc;cxx;def;odl;idl;hpj;bat;asm;asmx</Extensions>
    </Filter>
    <Filter Include="Header Files">
      <UniqueIdentifier>{93995380-89BD-4b04-88EB-625FBE52EBFB}</UniqueIdentifier>
      <Extensions>h;hpp;hxx;hm;inl;inc;xsd</Extensions>
    </Filter>
  </ItemGroup>
  <ItemGroup>
    <ClCompile Include="src\aes_base.cpp">
      <Filter>Source Files</Filter>
    </ClCompile>
    <ClCompile Include="src\aes_key_exchange.cpp">
      <Filter>Source Files</Filter>
    </ClCompile>
    <ClCompile Include="src\aes_package.cpp">
      <Filter>Source Files</Filter>
    </ClCompile>
    <ClCompile Include="src\arp_package.cpp">
      <Filter>Source Files</Filter>
    </ClCompile>
    <ClCompile Include="src\configuration.cpp">
      <Filter>Source Files</Filter>
    </ClCompile>
    <ClCompile Include="src\cryptobox.cpp">
      <Filter>Source Files</Filter>
    </ClCompile>
    <ClCompile Include="src\enque_buffer_sender.cpp">
      <Filter>Source Files</Filter>
    </ClCompile>
    <ClCompile Include="src\ethernet_frame.cpp">
      <Filter>Source Files</Filter>
    </ClCompile>
    <ClCompile Include="src\gap_detector.cpp">
      <Filter>Source Files</Filter>
    </ClCompile>
    <ClCompile Include="src\gateway.cpp">
      <Filter>Source Files</Filter>
    </ClCompile>
    <ClCompile Include="src\gateway_policy.cpp">
      <Filter>Source Files</Filter>
    </ClCompile>
    <ClCompile Include="src\ip6_package.cpp">
      <Filter>Source Files</Filter>
    </ClCompile>
    <ClCompile Include="src\ip_package.cpp">
      <Filter>Source Files</Filter>
    </ClCompile>
    <ClCompile Include="src\otp_base.cpp">
      <Filter>Source Files</Filter>
    </ClCompile>
    <ClCompile Include="src\otp_package.cpp">
      <Filter>Source Files</Filter>
    </ClCompile>
    <ClCompile Include="src\raw_message.cpp">
      <Filter>Source Files</Filter>
    </ClCompile>
    <ClCompile Include="src\ssl_tunnel.cpp">
      <Filter>Source Files</Filter>
    </ClCompile>
    <ClCompile Include="src\statistics.cpp">
      <Filter>Source Files</Filter>
    </ClCompile>
    <ClCompile Include="src\tcp_connection.cpp">
      <Filter>Source Files</Filter>
    </ClCompile>
    <ClCompile Include="src\tunconnection.cpp">
      <Filter>Source Files</Filter>
    </ClCompile>
    <ClCompile Include="src\tundevice.cpp">
      <Filter>Source Files</Filter>
    </ClCompile>
  </ItemGroup>
  <ItemGroup>
    <ClInclude Include="include\aes_base.h">
      <Filter>Header Files</Filter>
    </ClInclude>
    <ClInclude Include="include\aes_key_exchange.h">
      <Filter>Header Files</Filter>
    </ClInclude>
    <ClInclude Include="include\aes_package.h">
      <Filter>Header Files</Filter>
    </ClInclude>
    <ClInclude Include="include\arp_package.h">
      <Filter>Header Files</Filter>
    </ClInclude>
    <ClInclude Include="include\configuration.h">
      <Filter>Header Files</Filter>
    </ClInclude>
    <ClInclude Include="include\connection.h">
      <Filter>Header Files</Filter>
    </ClInclude>
    <ClInclude Include="include\cryptobox.h">
      <Filter>Header Files</Filter>
    </ClInclude>
    <ClInclude Include="include\enque_buffer_sender.h">
      <Filter>Header Files</Filter>
    </ClInclude>
    <ClInclude Include="include\ethernet_frame.h">
      <Filter>Header Files</Filter>
    </ClInclude>
    <ClInclude Include="include\gap_detector.h">
      <Filter>Header Files</Filter>
    </ClInclude>
    <ClInclude Include="include\gateway.h">
      <Filter>Header Files</Filter>
    </ClInclude>
    <ClInclude Include="include\gateway_policy.h">
      <Filter>Header Files</Filter>
    </ClInclude>
    <ClInclude Include="include\ip6_package.h">
      <Filter>Header Files</Filter>
    </ClInclude>
    <ClInclude Include="include\ip_package.h">
      <Filter>Header Files</Filter>
    </ClInclude>
    <ClInclude Include="include\otp_base.h">
      <Filter>Header Files</Filter>
    </ClInclude>
    <ClInclude Include="include\otp_package.h">
      <Filter>Header Files</Filter>
    </ClInclude>
    <ClInclude Include="include\raw_message.h">
      <Filter>Header Files</Filter>
    </ClInclude>
    <ClInclude Include="include\ssl_tunnel.h">
      <Filter>Header Files</Filter>
    </ClInclude>
    <ClInclude Include="include\statistics.h">
      <Filter>Header Files</Filter>
    </ClInclude>
    <ClInclude Include="include\tunconnection.h">
      <Filter>Header Files</Filter>
    </ClInclude>
    <ClInclude Include="include\tundevice.h">
      <Filter>Header Files</Filter>
    </ClInclude>
  </ItemGroup>
</Project>